{
    "_readme": [
        "This file locks the dependencies of your project to a known state",
        "Read more about it at https://getcomposer.org/doc/01-basic-usage.md#composer-lock-the-lock-file",
        "This file is @generated automatically"
    ],
    "hash": "d9876df5fd4d7966c8a1076e33df72f4",
    "content-hash": "e8c5d3234afcc16bfd728621bdf33e79",
    "packages": [
        {
            "name": "boooklet/tester",
            "version": "dev-master",
            "source": {
                "type": "git",
                "url": "https://github.com/boooklet/tester.git",
                "reference": "ef128537ef9c996e91a60c64db26935fa342336c"
            },
            "require": {
                "php": ">=5.3.0"
            },
            "type": "library",
            "autoload": {
                "classmap": [
                    "src",
                    "src/concerns"
                ]
            },
            "description": "Test library",
            "time": "2017-10-22 14:21:20"
        }
    ],
    "packages-dev": [],
    "aliases": [],
    "minimum-stability": "stable",
    "stability-flags": {
        "boooklet/tester": 20
    },
    "prefer-stable": false,
    "prefer-lowest": false,
    "platform": [],
    "platform-dev": []
}
